<?xml version="1.0" encoding="UTF-8"?>
<CodeBlocks_project_file>
	<FileVersion major="1" minor="6"/>
	<Project>
		<Option title="Chile"/>
		<Option makefile_is_custom="1"/>
		<Option compiler="gcc"/>
		<Option virtualFolders="CMake Files\;CMake Files\3rdparty\;CMake Files\3rdparty\variant\;CMake Files\3rdparty\variant\cmake\;"/>
		<Build>
			<Target title="all">
				<Option working_dir="/Users/Chris/Desktop/Chile"/>
				<Option type="4"/>
				<MakeCommands>
					<Build command="/usr/bin/make -j4 -f &quot;/Users/Chris/Desktop/Chile/Makefile&quot;  VERBOSE=1 all"/>
					<CompileFile command="/usr/bin/make -j4 -f &quot;/Users/Chris/Desktop/Chile/Makefile&quot;  VERBOSE=1 &quot;$file&quot;"/>
					<Clean command="/usr/bin/make -j4 -f &quot;/Users/Chris/Desktop/Chile/Makefile&quot;  VERBOSE=1 clean"/>
					<DistClean command="/usr/bin/make -j4 -f &quot;/Users/Chris/Desktop/Chile/Makefile&quot;  VERBOSE=1 clean"/>
				</MakeCommands>
			</Target>
			<Target title="install/local">
				<Option working_dir="/Users/Chris/Desktop/Chile"/>
				<Option type="4"/>
				<MakeCommands>
					<Build command="/usr/bin/make -j4 -f &quot;/Users/Chris/Desktop/Chile/Makefile&quot;  VERBOSE=1 install/local"/>
					<CompileFile command="/usr/bin/make -j4 -f &quot;/Users/Chris/Desktop/Chile/Makefile&quot;  VERBOSE=1 &quot;$file&quot;"/>
					<Clean command="/usr/bin/make -j4 -f &quot;/Users/Chris/Desktop/Chile/Makefile&quot;  VERBOSE=1 clean"/>
					<DistClean command="/usr/bin/make -j4 -f &quot;/Users/Chris/Desktop/Chile/Makefile&quot;  VERBOSE=1 clean"/>
				</MakeCommands>
			</Target>
			<Target title="install/strip">
				<Option working_dir="/Users/Chris/Desktop/Chile"/>
				<Option type="4"/>
				<MakeCommands>
					<Build command="/usr/bin/make -j4 -f &quot;/Users/Chris/Desktop/Chile/Makefile&quot;  VERBOSE=1 install/strip"/>
					<CompileFile command="/usr/bin/make -j4 -f &quot;/Users/Chris/Desktop/Chile/Makefile&quot;  VERBOSE=1 &quot;$file&quot;"/>
					<Clean command="/usr/bin/make -j4 -f &quot;/Users/Chris/Desktop/Chile/Makefile&quot;  VERBOSE=1 clean"/>
					<DistClean command="/usr/bin/make -j4 -f &quot;/Users/Chris/Desktop/Chile/Makefile&quot;  VERBOSE=1 clean"/>
				</MakeCommands>
			</Target>
			<Target title="install">
				<Option working_dir="/Users/Chris/Desktop/Chile"/>
				<Option type="4"/>
				<MakeCommands>
					<Build command="/usr/bin/make -j4 -f &quot;/Users/Chris/Desktop/Chile/Makefile&quot;  VERBOSE=1 install"/>
					<CompileFile command="/usr/bin/make -j4 -f &quot;/Users/Chris/Desktop/Chile/Makefile&quot;  VERBOSE=1 &quot;$file&quot;"/>
					<Clean command="/usr/bin/make -j4 -f &quot;/Users/Chris/Desktop/Chile/Makefile&quot;  VERBOSE=1 clean"/>
					<DistClean command="/usr/bin/make -j4 -f &quot;/Users/Chris/Desktop/Chile/Makefile&quot;  VERBOSE=1 clean"/>
				</MakeCommands>
			</Target>
			<Target title="Foodie">
				<Option output="/Users/Chris/Desktop/Chile/Foodie" prefix_auto="0" extension_auto="0"/>
				<Option working_dir="/Users/Chris/Desktop/Chile"/>
				<Option object_output="./"/>
				<Option type="1"/>
				<Option compiler="gcc"/>
				<Compiler>
					<Add option="-DDEBUG=1"/>
					<Add directory="/Users/Chris/Desktop/Chile/3rdparty/variant/include"/>
					<Add directory="/Applications/Xcode.app/Contents/Developer/Toolchains/XcodeDefault.xctoolchain/usr/bin/../include/c++/v1"/>
					<Add directory="/usr/local/include"/>
					<Add directory="/Applications/Xcode.app/Contents/Developer/Toolchains/XcodeDefault.xctoolchain/usr/bin/../lib/clang/8.0.0/include"/>
					<Add directory="/Applications/Xcode.app/Contents/Developer/Toolchains/XcodeDefault.xctoolchain/usr/include"/>
					<Add directory="/usr/include"/>
					<Add directory="/System/Library/Frameworks"/>
					<Add directory="/Library/Frameworks"/>
				</Compiler>
				<MakeCommands>
					<Build command="/usr/bin/make -j4 -f &quot;/Users/Chris/Desktop/Chile/Makefile&quot;  VERBOSE=1 Foodie"/>
					<CompileFile command="/usr/bin/make -j4 -f &quot;/Users/Chris/Desktop/Chile/Makefile&quot;  VERBOSE=1 &quot;$file&quot;"/>
					<Clean command="/usr/bin/make -j4 -f &quot;/Users/Chris/Desktop/Chile/Makefile&quot;  VERBOSE=1 clean"/>
					<DistClean command="/usr/bin/make -j4 -f &quot;/Users/Chris/Desktop/Chile/Makefile&quot;  VERBOSE=1 clean"/>
				</MakeCommands>
			</Target>
			<Target title="Foodie/fast">
				<Option output="/Users/Chris/Desktop/Chile/Foodie" prefix_auto="0" extension_auto="0"/>
				<Option working_dir="/Users/Chris/Desktop/Chile"/>
				<Option object_output="./"/>
				<Option type="1"/>
				<Option compiler="gcc"/>
				<Compiler>
					<Add option="-DDEBUG=1"/>
					<Add directory="/Users/Chris/Desktop/Chile/3rdparty/variant/include"/>
					<Add directory="/Applications/Xcode.app/Contents/Developer/Toolchains/XcodeDefault.xctoolchain/usr/bin/../include/c++/v1"/>
					<Add directory="/usr/local/include"/>
					<Add directory="/Applications/Xcode.app/Contents/Developer/Toolchains/XcodeDefault.xctoolchain/usr/bin/../lib/clang/8.0.0/include"/>
					<Add directory="/Applications/Xcode.app/Contents/Developer/Toolchains/XcodeDefault.xctoolchain/usr/include"/>
					<Add directory="/usr/include"/>
					<Add directory="/System/Library/Frameworks"/>
					<Add directory="/Library/Frameworks"/>
				</Compiler>
				<MakeCommands>
					<Build command="/usr/bin/make -j4 -f &quot;/Users/Chris/Desktop/Chile/Makefile&quot;  VERBOSE=1 Foodie/fast"/>
					<CompileFile command="/usr/bin/make -j4 -f &quot;/Users/Chris/Desktop/Chile/Makefile&quot;  VERBOSE=1 &quot;$file&quot;"/>
					<Clean command="/usr/bin/make -j4 -f &quot;/Users/Chris/Desktop/Chile/Makefile&quot;  VERBOSE=1 clean"/>
					<DistClean command="/usr/bin/make -j4 -f &quot;/Users/Chris/Desktop/Chile/Makefile&quot;  VERBOSE=1 clean"/>
				</MakeCommands>
			</Target>
			<Target title="rebuild_cache">
				<Option working_dir="/Users/Chris/Desktop/Chile"/>
				<Option type="4"/>
				<MakeCommands>
					<Build command="/usr/bin/make -j4 -f &quot;/Users/Chris/Desktop/Chile/Makefile&quot;  VERBOSE=1 rebuild_cache"/>
					<CompileFile command="/usr/bin/make -j4 -f &quot;/Users/Chris/Desktop/Chile/Makefile&quot;  VERBOSE=1 &quot;$file&quot;"/>
					<Clean command="/usr/bin/make -j4 -f &quot;/Users/Chris/Desktop/Chile/Makefile&quot;  VERBOSE=1 clean"/>
					<DistClean command="/usr/bin/make -j4 -f &quot;/Users/Chris/Desktop/Chile/Makefile&quot;  VERBOSE=1 clean"/>
				</MakeCommands>
			</Target>
			<Target title="edit_cache">
				<Option working_dir="/Users/Chris/Desktop/Chile"/>
				<Option type="4"/>
				<MakeCommands>
					<Build command="/usr/bin/make -j4 -f &quot;/Users/Chris/Desktop/Chile/Makefile&quot;  VERBOSE=1 edit_cache"/>
					<CompileFile command="/usr/bin/make -j4 -f &quot;/Users/Chris/Desktop/Chile/Makefile&quot;  VERBOSE=1 &quot;$file&quot;"/>
					<Clean command="/usr/bin/make -j4 -f &quot;/Users/Chris/Desktop/Chile/Makefile&quot;  VERBOSE=1 clean"/>
					<DistClean command="/usr/bin/make -j4 -f &quot;/Users/Chris/Desktop/Chile/Makefile&quot;  VERBOSE=1 clean"/>
				</MakeCommands>
			</Target>
			<Target title="list_install_components">
				<Option working_dir="/Users/Chris/Desktop/Chile"/>
				<Option type="4"/>
				<MakeCommands>
					<Build command="/usr/bin/make -j4 -f &quot;/Users/Chris/Desktop/Chile/Makefile&quot;  VERBOSE=1 list_install_components"/>
					<CompileFile command="/usr/bin/make -j4 -f &quot;/Users/Chris/Desktop/Chile/Makefile&quot;  VERBOSE=1 &quot;$file&quot;"/>
					<Clean command="/usr/bin/make -j4 -f &quot;/Users/Chris/Desktop/Chile/Makefile&quot;  VERBOSE=1 clean"/>
					<DistClean command="/usr/bin/make -j4 -f &quot;/Users/Chris/Desktop/Chile/Makefile&quot;  VERBOSE=1 clean"/>
				</MakeCommands>
			</Target>
			<Target title="logger">
				<Option output="/Users/Chris/Desktop/Chile/liblogger.a" prefix_auto="0" extension_auto="0"/>
				<Option working_dir="/Users/Chris/Desktop/Chile"/>
				<Option object_output="./"/>
				<Option type="2"/>
				<Option compiler="gcc"/>
				<Compiler>
					<Add directory="/Applications/Xcode.app/Contents/Developer/Toolchains/XcodeDefault.xctoolchain/usr/bin/../include/c++/v1"/>
					<Add directory="/usr/local/include"/>
					<Add directory="/Applications/Xcode.app/Contents/Developer/Toolchains/XcodeDefault.xctoolchain/usr/bin/../lib/clang/8.0.0/include"/>
					<Add directory="/Applications/Xcode.app/Contents/Developer/Toolchains/XcodeDefault.xctoolchain/usr/include"/>
					<Add directory="/usr/include"/>
					<Add directory="/System/Library/Frameworks"/>
					<Add directory="/Library/Frameworks"/>
				</Compiler>
				<MakeCommands>
					<Build command="/usr/bin/make -j4 -f &quot;/Users/Chris/Desktop/Chile/Makefile&quot;  VERBOSE=1 logger"/>
					<CompileFile command="/usr/bin/make -j4 -f &quot;/Users/Chris/Desktop/Chile/Makefile&quot;  VERBOSE=1 &quot;$file&quot;"/>
					<Clean command="/usr/bin/make -j4 -f &quot;/Users/Chris/Desktop/Chile/Makefile&quot;  VERBOSE=1 clean"/>
					<DistClean command="/usr/bin/make -j4 -f &quot;/Users/Chris/Desktop/Chile/Makefile&quot;  VERBOSE=1 clean"/>
				</MakeCommands>
			</Target>
			<Target title="logger/fast">
				<Option output="/Users/Chris/Desktop/Chile/liblogger.a" prefix_auto="0" extension_auto="0"/>
				<Option working_dir="/Users/Chris/Desktop/Chile"/>
				<Option object_output="./"/>
				<Option type="2"/>
				<Option compiler="gcc"/>
				<Compiler>
					<Add directory="/Applications/Xcode.app/Contents/Developer/Toolchains/XcodeDefault.xctoolchain/usr/bin/../include/c++/v1"/>
					<Add directory="/usr/local/include"/>
					<Add directory="/Applications/Xcode.app/Contents/Developer/Toolchains/XcodeDefault.xctoolchain/usr/bin/../lib/clang/8.0.0/include"/>
					<Add directory="/Applications/Xcode.app/Contents/Developer/Toolchains/XcodeDefault.xctoolchain/usr/include"/>
					<Add directory="/usr/include"/>
					<Add directory="/System/Library/Frameworks"/>
					<Add directory="/Library/Frameworks"/>
				</Compiler>
				<MakeCommands>
					<Build command="/usr/bin/make -j4 -f &quot;/Users/Chris/Desktop/Chile/Makefile&quot;  VERBOSE=1 logger/fast"/>
					<CompileFile command="/usr/bin/make -j4 -f &quot;/Users/Chris/Desktop/Chile/Makefile&quot;  VERBOSE=1 &quot;$file&quot;"/>
					<Clean command="/usr/bin/make -j4 -f &quot;/Users/Chris/Desktop/Chile/Makefile&quot;  VERBOSE=1 clean"/>
					<DistClean command="/usr/bin/make -j4 -f &quot;/Users/Chris/Desktop/Chile/Makefile&quot;  VERBOSE=1 clean"/>
				</MakeCommands>
			</Target>
		</Build>
		<Unit filename="/Users/Chris/Desktop/Chile/Expression.cpp">
			<Option target="Foodie"/>
		</Unit>
		<Unit filename="/Users/Chris/Desktop/Chile/Expression.h">
			<Option target="Foodie"/>
		</Unit>
		<Unit filename="/Users/Chris/Desktop/Chile/Foodie.cpp">
			<Option target="Foodie"/>
		</Unit>
		<Unit filename="/Users/Chris/Desktop/Chile/Foodie.h">
			<Option target="Foodie"/>
		</Unit>
		<Unit filename="/Users/Chris/Desktop/Chile/Interpreter.cpp">
			<Option target="Foodie"/>
		</Unit>
		<Unit filename="/Users/Chris/Desktop/Chile/Interpreter.h">
			<Option target="Foodie"/>
		</Unit>
		<Unit filename="/Users/Chris/Desktop/Chile/Parser.cpp">
			<Option target="Foodie"/>
		</Unit>
		<Unit filename="/Users/Chris/Desktop/Chile/Parser.h">
			<Option target="Foodie"/>
		</Unit>
		<Unit filename="/Users/Chris/Desktop/Chile/Statement.cpp">
			<Option target="Foodie"/>
		</Unit>
		<Unit filename="/Users/Chris/Desktop/Chile/Statement.h">
			<Option target="Foodie"/>
		</Unit>
		<Unit filename="/Users/Chris/Desktop/Chile/Token.cpp">
			<Option target="Foodie"/>
		</Unit>
		<Unit filename="/Users/Chris/Desktop/Chile/Token.h">
			<Option target="Foodie"/>
		</Unit>
		<Unit filename="/Users/Chris/Desktop/Chile/Tokenizer.cpp">
			<Option target="Foodie"/>
		</Unit>
		<Unit filename="/Users/Chris/Desktop/Chile/Tokenizer.h">
			<Option target="Foodie"/>
		</Unit>
		<Unit filename="/Users/Chris/Desktop/Chile/main.cpp">
			<Option target="Foodie"/>
		</Unit>
		<Unit filename="/Users/Chris/Desktop/Chile/utils/Logger.cpp">
			<Option target="logger"/>
		</Unit>
		<Unit filename="/Users/Chris/Desktop/Chile/utils/Logger.h">
			<Option target="logger"/>
		</Unit>
		<Unit filename="/Users/Chris/Desktop/Chile/CMakeLists.txt">
			<Option virtualFolder="CMake Files\"/>
		</Unit>
		<Unit filename="/Users/Chris/Desktop/Chile/3rdparty/variant/CMakeLists.txt">
			<Option virtualFolder="CMake Files\3rdparty\variant\"/>
		</Unit>
		<Unit filename="/Users/Chris/Desktop/Chile/3rdparty/variant/cmake/mpark_variant-config.cmake.in">
			<Option virtualFolder="CMake Files\3rdparty\variant\cmake\"/>
		</Unit>
	</Project>
</CodeBlocks_project_file>
